// !$*UTF8*$!
{
	archiveVersion = 1;
	classes = {
	};
	objectVersion = 50;
	objects = {

/* Begin PBXBuildFile section */
		39BB006922CBA149003E76F6 /* AppDelegate.swift in Sources */ = {isa = PBXBuildFile; fileRef = 39BB006822CBA149003E76F6 /* AppDelegate.swift */; };
		39BB006B22CBA149003E76F6 /* ViewController.swift in Sources */ = {isa = PBXBuildFile; fileRef = 39BB006A22CBA149003E76F6 /* ViewController.swift */; };
		39BB006E22CBA149003E76F6 /* Main.storyboard in Resources */ = {isa = PBXBuildFile; fileRef = 39BB006C22CBA149003E76F6 /* Main.storyboard */; };
		39BB007022CBA14A003E76F6 /* Assets.xcassets in Resources */ = {isa = PBXBuildFile; fileRef = 39BB006F22CBA14A003E76F6 /* Assets.xcassets */; };
		39BB007322CBA14A003E76F6 /* LaunchScreen.storyboard in Resources */ = {isa = PBXBuildFile; fileRef = 39BB007122CBA14A003E76F6 /* LaunchScreen.storyboard */; };
		39BB007E22CBA14A003E76F6 /* RedditPostsTests.swift in Sources */ = {isa = PBXBuildFile; fileRef = 39BB007D22CBA14A003E76F6 /* RedditPostsTests.swift */; };
		39BB008922CBA14A003E76F6 /* RedditPostsUITests.swift in Sources */ = {isa = PBXBuildFile; fileRef = 39BB008822CBA14A003E76F6 /* RedditPostsUITests.swift */; };
/* End PBXBuildFile section */

/* Begin PBXContainerItemProxy section */
		39BB007A22CBA14A003E76F6 /* PBXContainerItemProxy */ = {
			isa = PBXContainerItemProxy;
			containerPortal = 39BB005D22CBA149003E76F6 /* Project object */;
			proxyType = 1;
			remoteGlobalIDString = 39BB006422CBA149003E76F6;
			remoteInfo = RedditPosts;
		};
		39BB008522CBA14A003E76F6 /* PBXContainerItemProxy */ = {
			isa = PBXContainerItemProxy;
			containerPortal = 39BB005D22CBA149003E76F6 /* Project object */;
			proxyType = 1;
			remoteGlobalIDString = 39BB006422CBA149003E76F6;
			remoteInfo = RedditPosts;
		};
/* End PBXContainerItemProxy section */

/* Begin PBXFileReference section */
		39BB006522CBA149003E76F6 /* RedditPosts.app */ = {isa = PBXFileReference; explicitFileType = wrapper.application; includeInIndex = 0; path = RedditPosts.app; sourceTree = BUILT_PRODUCTS_DIR; };
		39BB006822CBA149003E76F6 /* AppDelegate.swift */ = {isa = PBXFileReference; lastKnownFileType = sourcecode.swift; path = AppDelegate.swift; sourceTree = "<group>"; };
		39BB006A22CBA149003E76F6 /* ViewController.swift */ = {isa = PBXFileReference; lastKnownFileType = sourcecode.swift; path = ViewController.swift; sourceTree = "<group>"; };
		39BB006D22CBA149003E76F6 /* Base */ = {isa = PBXFileReference; lastKnownFileType = file.storyboard; name = Base; path = Base.lproj/Main.storyboard; sourceTree = "<group>"; };
		39BB006F22CBA14A003E76F6 /* Assets.xcassets */ = {isa = PBXFileReference; lastKnownFileType = folder.assetcatalog; path = Assets.xcassets; sourceTree = "<group>"; };
		39BB007222CBA14A003E76F6 /* Base */ = {isa = PBXFileReference; lastKnownFileType = file.storyboard; name = Base; path = Base.lproj/LaunchScreen.storyboard; sourceTree = "<group>"; };
		39BB007422CBA14A003E76F6 /* Info.plist */ = {isa = PBXFileReference; lastKnownFileType = text.plist.xml; path = Info.plist; sourceTree = "<group>"; };
		39BB007922CBA14A003E76F6 /* RedditPostsTests.xctest */ = {isa = PBXFileReference; explicitFileType = wrapper.cfbundle; includeInIndex = 0; path = RedditPostsTests.xctest; sourceTree = BUILT_PRODUCTS_DIR; };
		39BB007D22CBA14A003E76F6 /* RedditPostsTests.swift */ = {isa = PBXFileReference; lastKnownFileType = sourcecode.swift; path = RedditPostsTests.swift; sourceTree = "<group>"; };
		39BB007F22CBA14A003E76F6 /* Info.plist */ = {isa = PBXFileReference; lastKnownFileType = text.plist.xml; path = Info.plist; sourceTree = "<group>"; };
		39BB008422CBA14A003E76F6 /* RedditPostsUITests.xctest */ = {isa = PBXFileReference; explicitFileType = wrapper.cfbundle; includeInIndex = 0; path = RedditPostsUITests.xctest; sourceTree = BUILT_PRODUCTS_DIR; };
		39BB008822CBA14A003E76F6 /* RedditPostsUITests.swift */ = {isa = PBXFileReference; lastKnownFileType = sourcecode.swift; path = RedditPostsUITests.swift; sourceTree = "<group>"; };
		39BB008A22CBA14A003E76F6 /* Info.plist */ = {isa = PBXFileReference; lastKnownFileType = text.plist.xml; path = Info.plist; sourceTree = "<group>"; };
/* End PBXFileReference section */

/* Begin PBXFrameworksBuildPhase section */
		39BB006222CBA149003E76F6 /* Frameworks */ = {
			isa = PBXFrameworksBuildPhase;
			buildActionMask = 2147483647;
			files = (
			);
			runOnlyForDeploymentPostprocessing = 0;
		};
		39BB007622CBA14A003E76F6 /* Frameworks */ = {
			isa = PBXFrameworksBuildPhase;
			buildActionMask = 2147483647;
			files = (
			);
			runOnlyForDeploymentPostprocessing = 0;
		};
		39BB008122CBA14A003E76F6 /* Frameworks */ = {
			isa = PBXFrameworksBuildPhase;
			buildActionMask = 2147483647;
			files = (
			);
			runOnlyForDeploymentPostprocessing = 0;
		};
/* End PBXFrameworksBuildPhase section */

/* Begin PBXGroup section */
		39BB005C22CBA149003E76F6 = {
			isa = PBXGroup;
			children = (
				39BB006722CBA149003E76F6 /* RedditPosts */,
				39BB007C22CBA14A003E76F6 /* RedditPostsTests */,
				39BB008722CBA14A003E76F6 /* RedditPostsUITests */,
				39BB006622CBA149003E76F6 /* Products */,
			);
			sourceTree = "<group>";
		};
		39BB006622CBA149003E76F6 /* Products */ = {
			isa = PBXGroup;
			children = (
				39BB006522CBA149003E76F6 /* RedditPosts.app */,
				39BB007922CBA14A003E76F6 /* RedditPostsTests.xctest */,
				39BB008422CBA14A003E76F6 /* RedditPostsUITests.xctest */,
			);
			name = Products;
			sourceTree = "<group>";
		};
		39BB006722CBA149003E76F6 /* RedditPosts */ = {
			isa = PBXGroup;
			children = (
				39BB006822CBA149003E76F6 /* AppDelegate.swift */,
				39BB006A22CBA149003E76F6 /* ViewController.swift */,
				39BB006C22CBA149003E76F6 /* Main.storyboard */,
				39BB006F22CBA14A003E76F6 /* Assets.xcassets */,
				39BB007122CBA14A003E76F6 /* LaunchScreen.storyboard */,
				39BB007422CBA14A003E76F6 /* Info.plist */,
			);
			path = RedditPosts;
			sourceTree = "<group>";
		};
		39BB007C22CBA14A003E76F6 /* RedditPostsTests */ = {
			isa = PBXGroup;
			children = (
				39BB007D22CBA14A003E76F6 /* RedditPostsTests.swift */,
				39BB007F22CBA14A003E76F6 /* Info.plist */,
			);
			path = RedditPostsTests;
			sourceTree = "<group>";
		};
		39BB008722CBA14A003E76F6 /* RedditPostsUITests */ = {
			isa = PBXGroup;
			children = (
				39BB008822CBA14A003E76F6 /* RedditPostsUITests.swift */,
				39BB008A22CBA14A003E76F6 /* Info.plist */,
			);
			path = RedditPostsUITests;
			sourceTree = "<group>";
		};
/* End PBXGroup section */

/* Begin PBXNativeTarget section */
		39BB006422CBA149003E76F6 /* RedditPosts */ = {
			isa = PBXNativeTarget;
			buildConfigurationList = 39BB008D22CBA14A003E76F6 /* Build configuration list for PBXNativeTarget "RedditPosts" */;
			buildPhases = (
				39BB006122CBA149003E76F6 /* Sources */,
				39BB006222CBA149003E76F6 /* Frameworks */,
				39BB006322CBA149003E76F6 /* Resources */,
			);
			buildRules = (
			);
			dependencies = (
			);
			name = RedditPosts;
			productName = RedditPosts;
			productReference = 39BB006522CBA149003E76F6 /* RedditPosts.app */;
			productType = "com.apple.product-type.application";
		};
		39BB007822CBA14A003E76F6 /* RedditPostsTests */ = {
			isa = PBXNativeTarget;
			buildConfigurationList = 39BB009022CBA14A003E76F6 /* Build configuration list for PBXNativeTarget "RedditPostsTests" */;
			buildPhases = (
				39BB007522CBA14A003E76F6 /* Sources */,
				39BB007622CBA14A003E76F6 /* Frameworks */,
				39BB007722CBA14A003E76F6 /* Resources */,
			);
			buildRules = (
			);
			dependencies = (
				39BB007B22CBA14A003E76F6 /* PBXTargetDependency */,
			);
			name = RedditPostsTests;
			productName = RedditPostsTests;
			productReference = 39BB007922CBA14A003E76F6 /* RedditPostsTests.xctest */;
			productType = "com.apple.product-type.bundle.unit-test";
		};
		39BB008322CBA14A003E76F6 /* RedditPostsUITests */ = {
			isa = PBXNativeTarget;
			buildConfigurationList = 39BB009322CBA14A003E76F6 /* Build configuration list for PBXNativeTarget "RedditPostsUITests" */;
			buildPhases = (
				39BB008022CBA14A003E76F6 /* Sources */,
				39BB008122CBA14A003E76F6 /* Frameworks */,
				39BB008222CBA14A003E76F6 /* Resources */,
			);
			buildRules = (
			);
			dependencies = (
				39BB008622CBA14A003E76F6 /* PBXTargetDependency */,
			);
			name = RedditPostsUITests;
			productName = RedditPostsUITests;
			productReference = 39BB008422CBA14A003E76F6 /* RedditPostsUITests.xctest */;
			productType = "com.apple.product-type.bundle.ui-testing";
		};
/* End PBXNativeTarget section */

/* Begin PBXProject section */
		39BB005D22CBA149003E76F6 /* Project object */ = {
			isa = PBXProject;
			attributes = {
				LastSwiftUpdateCheck = 1020;
				LastUpgradeCheck = 1020;
				ORGANIZATIONNAME = Matsyk;
				TargetAttributes = {
					39BB006422CBA149003E76F6 = {
						CreatedOnToolsVersion = 10.2.1;
					};
					39BB007822CBA14A003E76F6 = {
						CreatedOnToolsVersion = 10.2.1;
						TestTargetID = 39BB006422CBA149003E76F6;
					};
					39BB008322CBA14A003E76F6 = {
						CreatedOnToolsVersion = 10.2.1;
						TestTargetID = 39BB006422CBA149003E76F6;
					};
				};
			};
			buildConfigurationList = 39BB006022CBA149003E76F6 /* Build configuration list for PBXProject "RedditPosts" */;
			compatibilityVersion = "Xcode 9.3";
			developmentRegion = en;
			hasScannedForEncodings = 0;
			knownRegions = (
				en,
				Base,
			);
			mainGroup = 39BB005C22CBA149003E76F6;
			productRefGroup = 39BB006622CBA149003E76F6 /* Products */;
			projectDirPath = "";
			projectRoot = "";
			targets = (
				39BB006422CBA149003E76F6 /* RedditPosts */,
				39BB007822CBA14A003E76F6 /* RedditPostsTests */,
				39BB008322CBA14A003E76F6 /* RedditPostsUITests */,
			);
		};
/* End PBXProject section */

/* Begin PBXResourcesBuildPhase section */
		39BB006322CBA149003E76F6 /* Resources */ = {
			isa = PBXResourcesBuildPhase;
			buildActionMask = 2147483647;
			files = (
				39BB007322CBA14A003E76F6 /* LaunchScreen.storyboard in Resources */,
				39BB007022CBA14A003E76F6 /* Assets.xcassets in Resources */,
				39BB006E22CBA149003E76F6 /* Main.storyboard in Resources */,
			);
			runOnlyForDeploymentPostprocessing = 0;
		};
		39BB007722CBA14A003E76F6 /* Resources */ = {
			isa = PBXResourcesBuildPhase;
			buildActionMask = 2147483647;
			files = (
			);
			runOnlyForDeploymentPostprocessing = 0;
		};
		39BB008222CBA14A003E76F6 /* Resources */ = {
			isa = PBXResourcesBuildPhase;
			buildActionMask = 2147483647;
			files = (
			);
			runOnlyForDeploymentPostprocessing = 0;
		};
/* End PBXResourcesBuildPhase section */

/* Begin PBXSourcesBuildPhase section */
		39BB006122CBA149003E76F6 /* Sources */ = {
			isa = PBXSourcesBuildPhase;
			buildActionMask = 2147483647;
			files = (
				39BB006B22CBA149003E76F6 /* ViewController.swift in Sources */,
				39BB006922CBA149003E76F6 /* AppDelegate.swift in Sources */,
			);
			runOnlyForDeploymentPostprocessing = 0;
		};
		39BB007522CBA14A003E76F6 /* Sources */ = {
			isa = PBXSourcesBuildPhase;
			buildActionMask = 2147483647;
			files = (
				39BB007E22CBA14A003E76F6 /* RedditPostsTests.swift in Sources */,
			);
			runOnlyForDeploymentPostprocessing = 0;
		};
		39BB008022CBA14A003E76F6 /* Sources */ = {
			isa = PBXSourcesBuildPhase;
			buildActionMask = 2147483647;
			files = (
				39BB008922CBA14A003E76F6 /* RedditPostsUITests.swift in Sources */,
			);
			runOnlyForDeploymentPostprocessing = 0;
		};
/* End PBXSourcesBuildPhase section */

/* Begin PBXTargetDependency section */
		39BB007B22CBA14A003E76F6 /* PBXTargetDependency */ = {
			isa = PBXTargetDependency;
			target = 39BB006422CBA149003E76F6 /* RedditPosts */;
			targetProxy = 39BB007A22CBA14A003E76F6 /* PBXContainerItemProxy */;
		};
		39BB008622CBA14A003E76F6 /* PBXTargetDependency */ = {
			isa = PBXTargetDependency;
			target = 39BB006422CBA149003E76F6 /* RedditPosts */;
			targetProxy = 39BB008522CBA14A003E76F6 /* PBXContainerItemProxy */;
		};
/* End PBXTargetDependency section */

/* Begin PBXVariantGroup section */
		39BB006C22CBA149003E76F6 /* Main.storyboard */ = {
			isa = PBXVariantGroup;
			children = (
				39BB006D22CBA149003E76F6 /* Base */,
			);
			name = Main.storyboard;
			sourceTree = "<group>";
		};
		39BB007122CBA14A003E76F6 /* LaunchScreen.storyboard */ = {
			isa = PBXVariantGroup;
			children = (
				39BB007222CBA14A003E76F6 /* Base */,
			);
			name = LaunchScreen.storyboard;
			sourceTree = "<group>";
		};
/* End PBXVariantGroup section */

/* Begin XCBuildConfiguration section */
		39BB008B22CBA14A003E76F6 /* Debug */ = {
			isa = XCBuildConfiguration;
			buildSettings = {
				ALWAYS_SEARCH_USER_PATHS = NO;
				CLANG_ANALYZER_NONNULL = YES;
				CLANG_ANALYZER_NUMBER_OBJECT_CONVERSION = YES_AGGRESSIVE;
				CLANG_CXX_LANGUAGE_STANDARD = "gnu++14";
				CLANG_CXX_LIBRARY = "libc++";
				CLANG_ENABLE_MODULES = YES;
				CLANG_ENABLE_OBJC_ARC = YES;
				CLANG_ENABLE_OBJC_WEAK = YES;
				CLANG_WARN_BLOCK_CAPTURE_AUTORELEASING = YES;
				CLANG_WARN_BOOL_CONVERSION = YES;
				CLANG_WARN_COMMA = YES;
				CLANG_WARN_CONSTANT_CONVERSION = YES;
				CLANG_WARN_DEPRECATED_OBJC_IMPLEMENTATIONS = YES;
				CLANG_WARN_DIRECT_OBJC_ISA_USAGE = YES_ERROR;
				CLANG_WARN_DOCUMENTATION_COMMENTS = YES;
				CLANG_WARN_EMPTY_BODY = YES;
				CLANG_WARN_ENUM_CONVERSION = YES;
				CLANG_WARN_INFINITE_RECURSION = YES;
				CLANG_WARN_INT_CONVERSION = YES;
				CLANG_WARN_NON_LITERAL_NULL_CONVERSION = YES;
				CLANG_WARN_OBJC_IMPLICIT_RETAIN_SELF = YES;
				CLANG_WARN_OBJC_LITERAL_CONVERSION = YES;
				CLANG_WARN_OBJC_ROOT_CLASS = YES_ERROR;
				CLANG_WARN_RANGE_LOOP_ANALYSIS = YES;
				CLANG_WARN_STRICT_PROTOTYPES = YES;
				CLANG_WARN_SUSPICIOUS_MOVE = YES;
				CLANG_WARN_UNGUARDED_AVAILABILITY = YES_AGGRESSIVE;
				CLANG_WARN_UNREACHABLE_CODE = YES;
				CLANG_WARN__DUPLICATE_METHOD_MATCH = YES;
				CODE_SIGN_IDENTITY = "iPhone Developer";
				COPY_PHASE_STRIP = NO;
				DEBUG_INFORMATION_FORMAT = dwarf;
				ENABLE_STRICT_OBJC_MSGSEND = YES;
				ENABLE_TESTABILITY = YES;
				GCC_C_LANGUAGE_STANDARD = gnu11;
				GCC_DYNAMIC_NO_PIC = NO;
				GCC_NO_COMMON_BLOCKS = YES;
				GCC_OPTIMIZATION_LEVEL = 0;
				GCC_PREPROCESSOR_DEFINITIONS = (
					"DEBUG=1",
					"$(inherited)",
				);
				GCC_WARN_64_TO_32_BIT_CONVERSION = YES;
				GCC_WARN_ABOUT_RETURN_TYPE = YES_ERROR;
				GCC_WARN_UNDECLARED_SELECTOR = YES;
				GCC_WARN_UNINITIALIZED_AUTOS = YES_AGGRESSIVE;
				GCC_WARN_UNUSED_FUNCTION = YES;
				GCC_WARN_UNUSED_VARIABLE = YES;
				IPHONEOS_DEPLOYMENT_TARGET = 12.2;
				MTL_ENABLE_DEBUG_INFO = INCLUDE_SOURCE;
				MTL_FAST_MATH = YES;
				ONLY_ACTIVE_ARCH = YES;
				SDKROOT = iphoneos;
				SWIFT_ACTIVE_COMPILATION_CONDITIONS = DEBUG;
				SWIFT_OPTIMIZATION_LEVEL = "-Onone";
			};
			name = Debug;
		};
		39BB008C22CBA14A003E76F6 /* Release */ = {
			isa = XCBuildConfiguration;
			buildSettings = {
				ALWAYS_SEARCH_USER_PATHS = NO;
				CLANG_ANALYZER_NONNULL = YES;
				CLANG_ANALYZER_NUMBER_OBJECT_CONVERSION = YES_AGGRESSIVE;
				CLANG_CXX_LANGUAGE_STANDARD = "gnu++14";
				CLANG_CXX_LIBRARY = "libc++";
				CLANG_ENABLE_MODULES = YES;
				CLANG_ENABLE_OBJC_ARC = YES;
				CLANG_ENABLE_OBJC_WEAK = YES;
				CLANG_WARN_BLOCK_CAPTURE_AUTORELEASING = YES;
				CLANG_WARN_BOOL_CONVERSION = YES;
				CLANG_WARN_COMMA = YES;
				CLANG_WARN_CONSTANT_CONVERSION = YES;
				CLANG_WARN_DEPRECATED_OBJC_IMPLEMENTATIONS = YES;
				CLANG_WARN_DIRECT_OBJC_ISA_USAGE = YES_ERROR;
				CLANG_WARN_DOCUMENTATION_COMMENTS = YES;
				CLANG_WARN_EMPTY_BODY = YES;
				CLANG_WARN_ENUM_CONVERSION = YES;
				CLANG_WARN_INFINITE_RECURSION = YES;
				CLANG_WARN_INT_CONVERSION = YES;
				CLANG_WARN_NON_LITERAL_NULL_CONVERSION = YES;
				CLANG_WARN_OBJC_IMPLICIT_RETAIN_SELF = YES;
				CLANG_WARN_OBJC_LITERAL_CONVERSION = YES;
				CLANG_WARN_OBJC_ROOT_CLASS = YES_ERROR;
				CLANG_WARN_RANGE_LOOP_ANALYSIS = YES;
				CLANG_WARN_STRICT_PROTOTYPES = YES;
				CLANG_WARN_SUSPICIOUS_MOVE = YES;
				CLANG_WARN_UNGUARDED_AVAILABILITY = YES_AGGRESSIVE;
				CLANG_WARN_UNREACHABLE_CODE = YES;
				CLANG_WARN__DUPLICATE_METHOD_MATCH = YES;
				CODE_SIGN_IDENTITY = "iPhone Developer";
				COPY_PHASE_STRIP = NO;
				DEBUG_INFORMATION_FORMAT = "dwarf-with-dsym";
				ENABLE_NS_ASSERTIONS = NO;
				ENABLE_STRICT_OBJC_MSGSEND = YES;
				GCC_C_LANGUAGE_STANDARD = gnu11;
				GCC_NO_COMMON_BLOCKS = YES;
				GCC_WARN_64_TO_32_BIT_CONVERSION = YES;
				GCC_WARN_ABOUT_RETURN_TYPE = YES_ERROR;
				GCC_WARN_UNDECLARED_SELECTOR = YES;
				GCC_WARN_UNINITIALIZED_AUTOS = YES_AGGRESSIVE;
				GCC_WARN_UNUSED_FUNCTION = YES;
				GCC_WARN_UNUSED_VARIABLE = YES;
				IPHONEOS_DEPLOYMENT_TARGET = 12.2;
				MTL_ENABLE_DEBUG_INFO = NO;
				MTL_FAST_MATH = YES;
				SDKROOT = iphoneos;
				SWIFT_COMPILATION_MODE = wholemodule;
				SWIFT_OPTIMIZATION_LEVEL = "-O";
				VALIDATE_PRODUCT = YES;
			};
			name = Release;
		};
		39BB008E22CBA14A003E76F6 /* Debug */ = {
			isa = XCBuildConfiguration;
			buildSettings = {
				ASSETCATALOG_COMPILER_APPICON_NAME = AppIcon;
				CODE_SIGN_STYLE = Automatic;
				DEVELOPMENT_TEAM = 8N4FVAGQ3S;
				INFOPLIST_FILE = RedditPosts/Info.plist;
				LD_RUNPATH_SEARCH_PATHS = (
					"$(inherited)",
					"@executable_path/Frameworks",
				);
				PRODUCT_BUNDLE_IDENTIFIER = com.matsyk.RedditPosts;
				PRODUCT_NAME = "$(TARGET_NAME)";
				SWIFT_VERSION = 5.0;
				TARGETED_DEVICE_FAMILY = "1,2";
			};
			name = Debug;
		};
		39BB008F22CBA14A003E76F6 /* Release */ = {
			isa = XCBuildConfiguration;
			buildSettings = {
				ASSETCATALOG_COMPILER_APPICON_NAME = AppIcon;
				CODE_SIGN_STYLE = Automatic;
				DEVELOPMENT_TEAM = 8N4FVAGQ3S;
				INFOPLIST_FILE = RedditPosts/Info.plist;
				LD_RUNPATH_SEARCH_PATHS = (
					"$(inherited)",
					"@executable_path/Frameworks",
				);
				PRODUCT_BUNDLE_IDENTIFIER = com.matsyk.RedditPosts;
				PRODUCT_NAME = "$(TARGET_NAME)";
				SWIFT_VERSION = 5.0;
				TARGETED_DEVICE_FAMILY = "1,2";
			};
			name = Release;
		};
		39BB009122CBA14A003E76F6 /* Debug */ = {
			isa = XCBuildConfiguration;
			buildSettings = {
				ALWAYS_EMBED_SWIFT_STANDARD_LIBRARIES = YES;
				BUNDLE_LOADER = "$(TEST_HOST)";
				CODE_SIGN_STYLE = Automatic;
				DEVELOPMENT_TEAM = 8N4FVAGQ3S;
				INFOPLIST_FILE = RedditPostsTests/Info.plist;
				LD_RUNPATH_SEARCH_PATHS = (
					"$(inherited)",
					"@executable_path/Frameworks",
					"@loader_path/Frameworks",
				);
				PRODUCT_BUNDLE_IDENTIFIER = com.matsyk.RedditPostsTests;
				PRODUCT_NAME = "$(TARGET_NAME)";
				SWIFT_VERSION = 5.0;
				TARGETED_DEVICE_FAMILY = "1,2";
				TEST_HOST = "$(BUILT_PRODUCTS_DIR)/RedditPosts.app/RedditPosts";
			};
			name = Debug;
		};
		39BB009222CBA14A003E76F6 /* Release */ = {
			isa = XCBuildConfiguration;
			buildSettings = {
				ALWAYS_EMBED_SWIFT_STANDARD_LIBRARIES = YES;
				BUNDLE_LOADER = "$(TEST_HOST)";
				CODE_SIGN_STYLE = Automatic;
				DEVELOPMENT_TEAM = 8N4FVAGQ3S;
				INFOPLIST_FILE = RedditPostsTests/Info.plist;
				LD_RUNPATH_SEARCH_PATHS = (
					"$(inherited)",
					"@executable_path/Frameworks",
					"@loader_path/Frameworks",
				);
				PRODUCT_BUNDLE_IDENTIFIER = com.matsyk.RedditPostsTests;
				PRODUCT_NAME = "$(TARGET_NAME)";
				SWIFT_VERSION = 5.0;
				TARGETED_DEVICE_FAMILY = "1,2";
				TEST_HOST = "$(BUILT_PRODUCTS_DIR)/RedditPosts.app/RedditPosts";
			};
			name = Release;
		};
		39BB009422CBA14A003E76F6 /* Debug */ = {
			isa = XCBuildConfiguration;
			buildSettings = {
				ALWAYS_EMBED_SWIFT_STANDARD_LIBRARIES = YES;
				CODE_SIGN_STYLE = Automatic;
				DEVELOPMENT_TEAM = 8N4FVAGQ3S;
				INFOPLIST_FILE = RedditPostsUITests/Info.plist;
				LD_RUNPATH_SEARCH_PATHS = (
					"$(inherited)",
					"@executable_path/Frameworks",
					"@loader_path/Frameworks",
				);
				PRODUCT_BUNDLE_IDENTIFIER = com.matsyk.RedditPostsUITests;
				PRODUCT_NAME = "$(TARGET_NAME)";
				SWIFT_VERSION = 5.0;
				TARGETED_DEVICE_FAMILY = "1,2";
				TEST_TARGET_NAME = RedditPosts;
			};
			name = Debug;
		};
		39BB009522CBA14A003E76F6 /* Release */ = {
			isa = XCBuildConfiguration;
			buildSettings = {
				ALWAYS_EMBED_SWIFT_STANDARD_LIBRARIES = YES;
				CODE_SIGN_STYLE = Automatic;
				DEVELOPMENT_TEAM = 8N4FVAGQ3S;
				INFOPLIST_FILE = RedditPostsUITests/Info.plist;
				LD_RUNPATH_SEARCH_PATHS = (
					"$(inherited)",
					"@executable_path/Frameworks",
					"@loader_path/Frameworks",
				);
				PRODUCT_BUNDLE_IDENTIFIER = com.matsyk.RedditPostsUITests;
				PRODUCT_NAME = "$(TARGET_NAME)";
				SWIFT_VERSION = 5.0;
				TARGETED_DEVICE_FAMILY = "1,2";
				TEST_TARGET_NAME = RedditPosts;
			};
			name = Release;
		};
/* End XCBuildConfiguration section */

/* Begin XCConfigurationList section */
		39BB006022CBA149003E76F6 /* Build configuration list for PBXProject "RedditPosts" */ = {
			isa = XCConfigurationList;
			buildConfigurations = (
				39BB008B22CBA14A003E76F6 /* Debug */,
				39BB008C22CBA14A003E76F6 /* Release */,
			);
			defaultConfigurationIsVisible = 0;
			defaultConfigurationName = Release;
		};
		39BB008D22CBA14A003E76F6 /* Build configuration list for PBXNativeTarget "RedditPosts" */ = {
			isa = XCConfigurationList;
			buildConfigurations = (
				39BB008E22CBA14A003E76F6 /* Debug */,
				39BB008F22CBA14A003E76F6 /* Release */,
			);
			defaultConfigurationIsVisible = 0;
			defaultConfigurationName = Release;
		};
		39BB009022CBA14A003E76F6 /* Build configuration list for PBXNativeTarget "RedditPostsTests" */ = {
			isa = XCConfigurationList;
			buildConfigurations = (
				39BB009122CBA14A003E76F6 /* Debug */,
				39BB009222CBA14A003E76F6 /* Release */,
			);
			defaultConfigurationIsVisible = 0;
			defaultConfigurationName = Release;
		};
		39BB009322CBA14A003E76F6 /* Build configuration list for PBXNativeTarget "RedditPostsUITests" */ = {
			isa = XCConfigurationList;
			buildConfigurations = (
				39BB009422CBA14A003E76F6 /* Debug */,
				39BB009522CBA14A003E76F6 /* Release */,
			);
			defaultConfigurationIsVisible = 0;
			defaultConfigurationName = Release;
		};
/* End XCConfigurationList section */
	};
	rootObject = 39BB005D22CBA149003E76F6 /* Project object */;
}
