// !$*UTF8*$!
{
	archiveVersion = 1;
	classes = {
	};
	objectVersion = 50;
	objects = {

/* Begin PBXBuildFile section */
		03137322B4160B7A99DF0000 /* Pods_RedditPostsTests.framework in Frameworks */ = {isa = PBXBuildFile; fileRef = 6CA006DE2B1CBB87B7D2691E /* Pods_RedditPostsTests.framework */; };
		1A70BE41AA79072096D6F46E /* Pods_RedditPosts.framework in Frameworks */ = {isa = PBXBuildFile; fileRef = D011A3E3D8D4204734D42782 /* Pods_RedditPosts.framework */; };
		39BB006922CBA149003E76F6 /* AppDelegate.swift in Sources */ = {isa = PBXBuildFile; fileRef = 39BB006822CBA149003E76F6 /* AppDelegate.swift */; };
		39BB006B22CBA149003E76F6 /* PostsViewController.swift in Sources */ = {isa = PBXBuildFile; fileRef = 39BB006A22CBA149003E76F6 /* PostsViewController.swift */; };
		39BB007022CBA14A003E76F6 /* Assets.xcassets in Resources */ = {isa = PBXBuildFile; fileRef = 39BB006F22CBA14A003E76F6 /* Assets.xcassets */; };
		39BB007322CBA14A003E76F6 /* LaunchScreen.storyboard in Resources */ = {isa = PBXBuildFile; fileRef = 39BB007122CBA14A003E76F6 /* LaunchScreen.storyboard */; };
		39BB007E22CBA14A003E76F6 /* RedditPostsTests.swift in Sources */ = {isa = PBXBuildFile; fileRef = 39BB007D22CBA14A003E76F6 /* RedditPostsTests.swift */; };
		39BB008922CBA14A003E76F6 /* RedditPostsUITests.swift in Sources */ = {isa = PBXBuildFile; fileRef = 39BB008822CBA14A003E76F6 /* RedditPostsUITests.swift */; };
		39BB009F22CC754B003E76F6 /* RedditPostsProtocols.swift in Sources */ = {isa = PBXBuildFile; fileRef = 39BB009E22CC754B003E76F6 /* RedditPostsProtocols.swift */; };
		39BB00A122CC760E003E76F6 /* Posts.swift in Sources */ = {isa = PBXBuildFile; fileRef = 39BB00A022CC760E003E76F6 /* Posts.swift */; };
		39BB00A322CC77F5003E76F6 /* RedditPostsInteractor.swift in Sources */ = {isa = PBXBuildFile; fileRef = 39BB00A222CC77F5003E76F6 /* RedditPostsInteractor.swift */; };
		39BB00A522CC7A16003E76F6 /* PostsPresenter.swift in Sources */ = {isa = PBXBuildFile; fileRef = 39BB00A422CC7A16003E76F6 /* PostsPresenter.swift */; };
		39BB00A722CC7F5E003E76F6 /* PostsRouter.swift in Sources */ = {isa = PBXBuildFile; fileRef = 39BB00A622CC7F5E003E76F6 /* PostsRouter.swift */; };
		39BB00A922CC8544003E76F6 /* PostsTableViewCell.swift in Sources */ = {isa = PBXBuildFile; fileRef = 39BB00A822CC8544003E76F6 /* PostsTableViewCell.swift */; };
		39BB00AC22CC8B80003E76F6 /* APIServices.swift in Sources */ = {isa = PBXBuildFile; fileRef = 39BB00AB22CC8B80003E76F6 /* APIServices.swift */; };
		39BB00AE22CC8BF3003E76F6 /* EndPoints.swift in Sources */ = {isa = PBXBuildFile; fileRef = 39BB00AD22CC8BF3003E76F6 /* EndPoints.swift */; };
		39BB00B122CCBD23003E76F6 /* IndicatableView.swift in Sources */ = {isa = PBXBuildFile; fileRef = 39BB00B022CCBD23003E76F6 /* IndicatableView.swift */; };
		39BB00B922CCBEED003E76F6 /* PostDetailInteractor.swift in Sources */ = {isa = PBXBuildFile; fileRef = 39BB00B822CCBEED003E76F6 /* PostDetailInteractor.swift */; };
		39BB00BB22CCBF31003E76F6 /* PostDetailPresenter.swift in Sources */ = {isa = PBXBuildFile; fileRef = 39BB00BA22CCBF31003E76F6 /* PostDetailPresenter.swift */; };
		39BB00BD22CCBF5B003E76F6 /* PostDetailRouter.swift in Sources */ = {isa = PBXBuildFile; fileRef = 39BB00BC22CCBF5B003E76F6 /* PostDetailRouter.swift */; };
		39BB00BF22CCC001003E76F6 /* PostDetailsViewController.swift in Sources */ = {isa = PBXBuildFile; fileRef = 39BB00BE22CCC001003E76F6 /* PostDetailsViewController.swift */; };
		39BB00C122CCC0AF003E76F6 /* PostDetailsProtocol.swift in Sources */ = {isa = PBXBuildFile; fileRef = 39BB00C022CCC0AF003E76F6 /* PostDetailsProtocol.swift */; };
		39BB00C322CCC110003E76F6 /* ReusableView.swift in Sources */ = {isa = PBXBuildFile; fileRef = 39BB00C222CCC110003E76F6 /* ReusableView.swift */; };
		FDA5D2C7A77F165FE616C53E /* Pods_RedditPostsUITests.framework in Frameworks */ = {isa = PBXBuildFile; fileRef = 722C030A3F2E9B7E2E8ADF50 /* Pods_RedditPostsUITests.framework */; };
/* End PBXBuildFile section */

/* Begin PBXContainerItemProxy section */
		39BB007A22CBA14A003E76F6 /* PBXContainerItemProxy */ = {
			isa = PBXContainerItemProxy;
			containerPortal = 39BB005D22CBA149003E76F6 /* Project object */;
			proxyType = 1;
			remoteGlobalIDString = 39BB006422CBA149003E76F6;
			remoteInfo = RedditPosts;
		};
		39BB008522CBA14A003E76F6 /* PBXContainerItemProxy */ = {
			isa = PBXContainerItemProxy;
			containerPortal = 39BB005D22CBA149003E76F6 /* Project object */;
			proxyType = 1;
			remoteGlobalIDString = 39BB006422CBA149003E76F6;
			remoteInfo = RedditPosts;
		};
/* End PBXContainerItemProxy section */

/* Begin PBXFileReference section */
		0B971BF073EFFA300A2C16D6 /* Pods-RedditPostsUITests.debug.xcconfig */ = {isa = PBXFileReference; includeInIndex = 1; lastKnownFileType = text.xcconfig; name = "Pods-RedditPostsUITests.debug.xcconfig"; path = "Pods/Target Support Files/Pods-RedditPostsUITests/Pods-RedditPostsUITests.debug.xcconfig"; sourceTree = "<group>"; };
		39BB006522CBA149003E76F6 /* RedditPosts.app */ = {isa = PBXFileReference; explicitFileType = wrapper.application; includeInIndex = 0; path = RedditPosts.app; sourceTree = BUILT_PRODUCTS_DIR; };
		39BB006822CBA149003E76F6 /* AppDelegate.swift */ = {isa = PBXFileReference; lastKnownFileType = sourcecode.swift; path = AppDelegate.swift; sourceTree = "<group>"; };
		39BB006A22CBA149003E76F6 /* PostsViewController.swift */ = {isa = PBXFileReference; lastKnownFileType = sourcecode.swift; path = PostsViewController.swift; sourceTree = "<group>"; };
		39BB006F22CBA14A003E76F6 /* Assets.xcassets */ = {isa = PBXFileReference; lastKnownFileType = folder.assetcatalog; path = Assets.xcassets; sourceTree = "<group>"; };
		39BB007222CBA14A003E76F6 /* Base */ = {isa = PBXFileReference; lastKnownFileType = file.storyboard; name = Base; path = Base.lproj/LaunchScreen.storyboard; sourceTree = "<group>"; };
		39BB007422CBA14A003E76F6 /* Info.plist */ = {isa = PBXFileReference; lastKnownFileType = text.plist.xml; path = Info.plist; sourceTree = "<group>"; };
		39BB007922CBA14A003E76F6 /* RedditPostsTests.xctest */ = {isa = PBXFileReference; explicitFileType = wrapper.cfbundle; includeInIndex = 0; path = RedditPostsTests.xctest; sourceTree = BUILT_PRODUCTS_DIR; };
		39BB007D22CBA14A003E76F6 /* RedditPostsTests.swift */ = {isa = PBXFileReference; lastKnownFileType = sourcecode.swift; path = RedditPostsTests.swift; sourceTree = "<group>"; };
		39BB007F22CBA14A003E76F6 /* Info.plist */ = {isa = PBXFileReference; lastKnownFileType = text.plist.xml; path = Info.plist; sourceTree = "<group>"; };
		39BB008422CBA14A003E76F6 /* RedditPostsUITests.xctest */ = {isa = PBXFileReference; explicitFileType = wrapper.cfbundle; includeInIndex = 0; path = RedditPostsUITests.xctest; sourceTree = BUILT_PRODUCTS_DIR; };
		39BB008822CBA14A003E76F6 /* RedditPostsUITests.swift */ = {isa = PBXFileReference; lastKnownFileType = sourcecode.swift; path = RedditPostsUITests.swift; sourceTree = "<group>"; };
		39BB008A22CBA14A003E76F6 /* Info.plist */ = {isa = PBXFileReference; lastKnownFileType = text.plist.xml; path = Info.plist; sourceTree = "<group>"; };
		39BB009E22CC754B003E76F6 /* RedditPostsProtocols.swift */ = {isa = PBXFileReference; lastKnownFileType = sourcecode.swift; path = RedditPostsProtocols.swift; sourceTree = "<group>"; };
		39BB00A022CC760E003E76F6 /* Posts.swift */ = {isa = PBXFileReference; lastKnownFileType = sourcecode.swift; path = Posts.swift; sourceTree = "<group>"; };
		39BB00A222CC77F5003E76F6 /* RedditPostsInteractor.swift */ = {isa = PBXFileReference; lastKnownFileType = sourcecode.swift; path = RedditPostsInteractor.swift; sourceTree = "<group>"; };
		39BB00A422CC7A16003E76F6 /* PostsPresenter.swift */ = {isa = PBXFileReference; lastKnownFileType = sourcecode.swift; path = PostsPresenter.swift; sourceTree = "<group>"; };
		39BB00A622CC7F5E003E76F6 /* PostsRouter.swift */ = {isa = PBXFileReference; lastKnownFileType = sourcecode.swift; path = PostsRouter.swift; sourceTree = "<group>"; };
		39BB00A822CC8544003E76F6 /* PostsTableViewCell.swift */ = {isa = PBXFileReference; lastKnownFileType = sourcecode.swift; path = PostsTableViewCell.swift; sourceTree = "<group>"; };
		39BB00AB22CC8B80003E76F6 /* APIServices.swift */ = {isa = PBXFileReference; lastKnownFileType = sourcecode.swift; path = APIServices.swift; sourceTree = "<group>"; };
		39BB00AD22CC8BF3003E76F6 /* EndPoints.swift */ = {isa = PBXFileReference; lastKnownFileType = sourcecode.swift; path = EndPoints.swift; sourceTree = "<group>"; };
		39BB00B022CCBD23003E76F6 /* IndicatableView.swift */ = {isa = PBXFileReference; lastKnownFileType = sourcecode.swift; path = IndicatableView.swift; sourceTree = "<group>"; };
		39BB00B822CCBEED003E76F6 /* PostDetailInteractor.swift */ = {isa = PBXFileReference; lastKnownFileType = sourcecode.swift; path = PostDetailInteractor.swift; sourceTree = "<group>"; };
		39BB00BA22CCBF31003E76F6 /* PostDetailPresenter.swift */ = {isa = PBXFileReference; lastKnownFileType = sourcecode.swift; path = PostDetailPresenter.swift; sourceTree = "<group>"; };
		39BB00BC22CCBF5B003E76F6 /* PostDetailRouter.swift */ = {isa = PBXFileReference; lastKnownFileType = sourcecode.swift; path = PostDetailRouter.swift; sourceTree = "<group>"; };
		39BB00BE22CCC001003E76F6 /* PostDetailsViewController.swift */ = {isa = PBXFileReference; lastKnownFileType = sourcecode.swift; path = PostDetailsViewController.swift; sourceTree = "<group>"; };
		39BB00C022CCC0AF003E76F6 /* PostDetailsProtocol.swift */ = {isa = PBXFileReference; lastKnownFileType = sourcecode.swift; path = PostDetailsProtocol.swift; sourceTree = "<group>"; };
		39BB00C222CCC110003E76F6 /* ReusableView.swift */ = {isa = PBXFileReference; lastKnownFileType = sourcecode.swift; path = ReusableView.swift; sourceTree = "<group>"; };
		5DA11BF8F1F5A9DAEF2BE9A0 /* Pods-RedditPosts.debug.xcconfig */ = {isa = PBXFileReference; includeInIndex = 1; lastKnownFileType = text.xcconfig; name = "Pods-RedditPosts.debug.xcconfig"; path = "Pods/Target Support Files/Pods-RedditPosts/Pods-RedditPosts.debug.xcconfig"; sourceTree = "<group>"; };
		6CA006DE2B1CBB87B7D2691E /* Pods_RedditPostsTests.framework */ = {isa = PBXFileReference; explicitFileType = wrapper.framework; includeInIndex = 0; path = Pods_RedditPostsTests.framework; sourceTree = BUILT_PRODUCTS_DIR; };
		722C030A3F2E9B7E2E8ADF50 /* Pods_RedditPostsUITests.framework */ = {isa = PBXFileReference; explicitFileType = wrapper.framework; includeInIndex = 0; path = Pods_RedditPostsUITests.framework; sourceTree = BUILT_PRODUCTS_DIR; };
		7BBB6E383F5FB3E61B56194B /* Pods-RedditPostsTests.debug.xcconfig */ = {isa = PBXFileReference; includeInIndex = 1; lastKnownFileType = text.xcconfig; name = "Pods-RedditPostsTests.debug.xcconfig"; path = "Pods/Target Support Files/Pods-RedditPostsTests/Pods-RedditPostsTests.debug.xcconfig"; sourceTree = "<group>"; };
		817567F897A2E4E047820489 /* Pods-RedditPosts.release.xcconfig */ = {isa = PBXFileReference; includeInIndex = 1; lastKnownFileType = text.xcconfig; name = "Pods-RedditPosts.release.xcconfig"; path = "Pods/Target Support Files/Pods-RedditPosts/Pods-RedditPosts.release.xcconfig"; sourceTree = "<group>"; };
		9F35EA6592A19A58021B0039 /* Pods-RedditPostsTests.release.xcconfig */ = {isa = PBXFileReference; includeInIndex = 1; lastKnownFileType = text.xcconfig; name = "Pods-RedditPostsTests.release.xcconfig"; path = "Pods/Target Support Files/Pods-RedditPostsTests/Pods-RedditPostsTests.release.xcconfig"; sourceTree = "<group>"; };
		B263F2143C1193DD412A6DC7 /* Pods-RedditPostsUITests.release.xcconfig */ = {isa = PBXFileReference; includeInIndex = 1; lastKnownFileType = text.xcconfig; name = "Pods-RedditPostsUITests.release.xcconfig"; path = "Pods/Target Support Files/Pods-RedditPostsUITests/Pods-RedditPostsUITests.release.xcconfig"; sourceTree = "<group>"; };
		D011A3E3D8D4204734D42782 /* Pods_RedditPosts.framework */ = {isa = PBXFileReference; explicitFileType = wrapper.framework; includeInIndex = 0; path = Pods_RedditPosts.framework; sourceTree = BUILT_PRODUCTS_DIR; };
/* End PBXFileReference section */

/* Begin PBXFrameworksBuildPhase section */
		39BB006222CBA149003E76F6 /* Frameworks */ = {
			isa = PBXFrameworksBuildPhase;
			buildActionMask = 2147483647;
			files = (
				1A70BE41AA79072096D6F46E /* Pods_RedditPosts.framework in Frameworks */,
			);
			runOnlyForDeploymentPostprocessing = 0;
		};
		39BB007622CBA14A003E76F6 /* Frameworks */ = {
			isa = PBXFrameworksBuildPhase;
			buildActionMask = 2147483647;
			files = (
				03137322B4160B7A99DF0000 /* Pods_RedditPostsTests.framework in Frameworks */,
			);
			runOnlyForDeploymentPostprocessing = 0;
		};
		39BB008122CBA14A003E76F6 /* Frameworks */ = {
			isa = PBXFrameworksBuildPhase;
			buildActionMask = 2147483647;
			files = (
				FDA5D2C7A77F165FE616C53E /* Pods_RedditPostsUITests.framework in Frameworks */,
			);
			runOnlyForDeploymentPostprocessing = 0;
		};
/* End PBXFrameworksBuildPhase section */

/* Begin PBXGroup section */
		334D287CC5D61EC0B8F01852 /* Frameworks */ = {
			isa = PBXGroup;
			children = (
				D011A3E3D8D4204734D42782 /* Pods_RedditPosts.framework */,
				6CA006DE2B1CBB87B7D2691E /* Pods_RedditPostsTests.framework */,
				722C030A3F2E9B7E2E8ADF50 /* Pods_RedditPostsUITests.framework */,
			);
			name = Frameworks;
			sourceTree = "<group>";
		};
		39BB005C22CBA149003E76F6 = {
			isa = PBXGroup;
			children = (
				39BB006722CBA149003E76F6 /* RedditPosts */,
				39BB007C22CBA14A003E76F6 /* RedditPostsTests */,
				39BB008722CBA14A003E76F6 /* RedditPostsUITests */,
				39BB006622CBA149003E76F6 /* Products */,
				727AA25FCCAB5BE4A9D54B7E /* Pods */,
				334D287CC5D61EC0B8F01852 /* Frameworks */,
			);
			sourceTree = "<group>";
		};
		39BB006622CBA149003E76F6 /* Products */ = {
			isa = PBXGroup;
			children = (
				39BB006522CBA149003E76F6 /* RedditPosts.app */,
				39BB007922CBA14A003E76F6 /* RedditPostsTests.xctest */,
				39BB008422CBA14A003E76F6 /* RedditPostsUITests.xctest */,
			);
			name = Products;
			sourceTree = "<group>";
		};
		39BB006722CBA149003E76F6 /* RedditPosts */ = {
			isa = PBXGroup;
			children = (
				39BB00AF22CCBD0A003E76F6 /* Extensions */,
				39BB00AA22CC8B6A003E76F6 /* API */,
				39BB009622CC7141003E76F6 /* Modules */,
				39BB006822CBA149003E76F6 /* AppDelegate.swift */,
				39BB006F22CBA14A003E76F6 /* Assets.xcassets */,
				39BB007122CBA14A003E76F6 /* LaunchScreen.storyboard */,
				39BB007422CBA14A003E76F6 /* Info.plist */,
			);
			path = RedditPosts;
			sourceTree = "<group>";
		};
		39BB007C22CBA14A003E76F6 /* RedditPostsTests */ = {
			isa = PBXGroup;
			children = (
				39BB007D22CBA14A003E76F6 /* RedditPostsTests.swift */,
				39BB007F22CBA14A003E76F6 /* Info.plist */,
			);
			path = RedditPostsTests;
			sourceTree = "<group>";
		};
		39BB008722CBA14A003E76F6 /* RedditPostsUITests */ = {
			isa = PBXGroup;
			children = (
				39BB008822CBA14A003E76F6 /* RedditPostsUITests.swift */,
				39BB008A22CBA14A003E76F6 /* Info.plist */,
			);
			path = RedditPostsUITests;
			sourceTree = "<group>";
		};
		39BB009622CC7141003E76F6 /* Modules */ = {
			isa = PBXGroup;
			children = (
				39BB00B222CCBE42003E76F6 /* Details */,
				39BB009722CC7185003E76F6 /* Posts */,
			);
			path = Modules;
			sourceTree = "<group>";
		};
		39BB009722CC7185003E76F6 /* Posts */ = {
			isa = PBXGroup;
			children = (
				39BB009822CC7196003E76F6 /* Protocols */,
				39BB009922CC71A6003E76F6 /* Interactor */,
				39BB009A22CC71B5003E76F6 /* Presenter */,
				39BB009B22CC71C2003E76F6 /* Router */,
				39BB009C22CC71CA003E76F6 /* View */,
				39BB009D22CC71DB003E76F6 /* Entity */,
			);
			path = Posts;
			sourceTree = "<group>";
		};
		39BB009822CC7196003E76F6 /* Protocols */ = {
			isa = PBXGroup;
			children = (
				39BB009E22CC754B003E76F6 /* RedditPostsProtocols.swift */,
			);
			path = Protocols;
			sourceTree = "<group>";
		};
		39BB009922CC71A6003E76F6 /* Interactor */ = {
			isa = PBXGroup;
			children = (
				39BB00A222CC77F5003E76F6 /* RedditPostsInteractor.swift */,
			);
			path = Interactor;
			sourceTree = "<group>";
		};
		39BB009A22CC71B5003E76F6 /* Presenter */ = {
			isa = PBXGroup;
			children = (
				39BB00A422CC7A16003E76F6 /* PostsPresenter.swift */,
			);
			path = Presenter;
			sourceTree = "<group>";
		};
		39BB009B22CC71C2003E76F6 /* Router */ = {
			isa = PBXGroup;
			children = (
				39BB00A622CC7F5E003E76F6 /* PostsRouter.swift */,
			);
			path = Router;
			sourceTree = "<group>";
		};
		39BB009C22CC71CA003E76F6 /* View */ = {
			isa = PBXGroup;
			children = (
				39BB006A22CBA149003E76F6 /* PostsViewController.swift */,
				39BB00A822CC8544003E76F6 /* PostsTableViewCell.swift */,
			);
			path = View;
			sourceTree = "<group>";
		};
		39BB009D22CC71DB003E76F6 /* Entity */ = {
			isa = PBXGroup;
			children = (
				39BB00A022CC760E003E76F6 /* Posts.swift */,
			);
			path = Entity;
			sourceTree = "<group>";
		};
		39BB00AA22CC8B6A003E76F6 /* API */ = {
			isa = PBXGroup;
			children = (
				39BB00AB22CC8B80003E76F6 /* APIServices.swift */,
				39BB00AD22CC8BF3003E76F6 /* EndPoints.swift */,
			);
			path = API;
			sourceTree = "<group>";
		};
		39BB00AF22CCBD0A003E76F6 /* Extensions */ = {
			isa = PBXGroup;
			children = (
				39BB00B022CCBD23003E76F6 /* IndicatableView.swift */,
				39BB00C222CCC110003E76F6 /* ReusableView.swift */,
			);
			path = Extensions;
			sourceTree = "<group>";
		};
		39BB00B222CCBE42003E76F6 /* Details */ = {
			isa = PBXGroup;
			children = (
				39BB00B722CCBE82003E76F6 /* Protocols */,
				39BB00B622CCBE6B003E76F6 /* Interactor */,
				39BB00B522CCBE61003E76F6 /* Presenter */,
				39BB00B422CCBE55003E76F6 /* Router */,
				39BB00B322CCBE4E003E76F6 /* View */,
			);
			path = Details;
			sourceTree = "<group>";
		};
		39BB00B322CCBE4E003E76F6 /* View */ = {
			isa = PBXGroup;
			children = (
				39BB00BE22CCC001003E76F6 /* PostDetailsViewController.swift */,
			);
			path = View;
			sourceTree = "<group>";
		};
		39BB00B422CCBE55003E76F6 /* Router */ = {
			isa = PBXGroup;
			children = (
				39BB00BC22CCBF5B003E76F6 /* PostDetailRouter.swift */,
			);
			path = Router;
			sourceTree = "<group>";
		};
		39BB00B522CCBE61003E76F6 /* Presenter */ = {
			isa = PBXGroup;
			children = (
				39BB00BA22CCBF31003E76F6 /* PostDetailPresenter.swift */,
			);
			path = Presenter;
			sourceTree = "<group>";
		};
		39BB00B622CCBE6B003E76F6 /* Interactor */ = {
			isa = PBXGroup;
			children = (
				39BB00B822CCBEED003E76F6 /* PostDetailInteractor.swift */,
			);
			path = Interactor;
			sourceTree = "<group>";
		};
		39BB00B722CCBE82003E76F6 /* Protocols */ = {
			isa = PBXGroup;
			children = (
				39BB00C022CCC0AF003E76F6 /* PostDetailsProtocol.swift */,
			);
			path = Protocols;
			sourceTree = "<group>";
		};
		727AA25FCCAB5BE4A9D54B7E /* Pods */ = {
			isa = PBXGroup;
			children = (
				5DA11BF8F1F5A9DAEF2BE9A0 /* Pods-RedditPosts.debug.xcconfig */,
				817567F897A2E4E047820489 /* Pods-RedditPosts.release.xcconfig */,
				7BBB6E383F5FB3E61B56194B /* Pods-RedditPostsTests.debug.xcconfig */,
				9F35EA6592A19A58021B0039 /* Pods-RedditPostsTests.release.xcconfig */,
				0B971BF073EFFA300A2C16D6 /* Pods-RedditPostsUITests.debug.xcconfig */,
				B263F2143C1193DD412A6DC7 /* Pods-RedditPostsUITests.release.xcconfig */,
			);
			name = Pods;
			sourceTree = "<group>";
		};
/* End PBXGroup section */

/* Begin PBXNativeTarget section */
		39BB006422CBA149003E76F6 /* RedditPosts */ = {
			isa = PBXNativeTarget;
			buildConfigurationList = 39BB008D22CBA14A003E76F6 /* Build configuration list for PBXNativeTarget "RedditPosts" */;
			buildPhases = (
				0FA7A12F7CFC93C17A817E3F /* [CP] Check Pods Manifest.lock */,
				39BB006122CBA149003E76F6 /* Sources */,
				39BB006222CBA149003E76F6 /* Frameworks */,
				39BB006322CBA149003E76F6 /* Resources */,
				7252D3C35C8848CB5051A954 /* [CP] Embed Pods Frameworks */,
			);
			buildRules = (
			);
			dependencies = (
			);
			name = RedditPosts;
			productName = RedditPosts;
			productReference = 39BB006522CBA149003E76F6 /* RedditPosts.app */;
			productType = "com.apple.product-type.application";
		};
		39BB007822CBA14A003E76F6 /* RedditPostsTests */ = {
			isa = PBXNativeTarget;
			buildConfigurationList = 39BB009022CBA14A003E76F6 /* Build configuration list for PBXNativeTarget "RedditPostsTests" */;
			buildPhases = (
				8E772821ED4E59B4943DEC28 /* [CP] Check Pods Manifest.lock */,
				39BB007522CBA14A003E76F6 /* Sources */,
				39BB007622CBA14A003E76F6 /* Frameworks */,
				39BB007722CBA14A003E76F6 /* Resources */,
			);
			buildRules = (
			);
			dependencies = (
				39BB007B22CBA14A003E76F6 /* PBXTargetDependency */,
			);
			name = RedditPostsTests;
			productName = RedditPostsTests;
			productReference = 39BB007922CBA14A003E76F6 /* RedditPostsTests.xctest */;
			productType = "com.apple.product-type.bundle.unit-test";
		};
		39BB008322CBA14A003E76F6 /* RedditPostsUITests */ = {
			isa = PBXNativeTarget;
			buildConfigurationList = 39BB009322CBA14A003E76F6 /* Build configuration list for PBXNativeTarget "RedditPostsUITests" */;
			buildPhases = (
				7F1358FBE83E4274E6FAC2A3 /* [CP] Check Pods Manifest.lock */,
				39BB008022CBA14A003E76F6 /* Sources */,
				39BB008122CBA14A003E76F6 /* Frameworks */,
				39BB008222CBA14A003E76F6 /* Resources */,
			);
			buildRules = (
			);
			dependencies = (
				39BB008622CBA14A003E76F6 /* PBXTargetDependency */,
			);
			name = RedditPostsUITests;
			productName = RedditPostsUITests;
			productReference = 39BB008422CBA14A003E76F6 /* RedditPostsUITests.xctest */;
			productType = "com.apple.product-type.bundle.ui-testing";
		};
/* End PBXNativeTarget section */

/* Begin PBXProject section */
		39BB005D22CBA149003E76F6 /* Project object */ = {
			isa = PBXProject;
			attributes = {
				LastSwiftUpdateCheck = 1020;
				LastUpgradeCheck = 1020;
				ORGANIZATIONNAME = Matsyk;
				TargetAttributes = {
					39BB006422CBA149003E76F6 = {
						CreatedOnToolsVersion = 10.2.1;
					};
					39BB007822CBA14A003E76F6 = {
						CreatedOnToolsVersion = 10.2.1;
						TestTargetID = 39BB006422CBA149003E76F6;
					};
					39BB008322CBA14A003E76F6 = {
						CreatedOnToolsVersion = 10.2.1;
						TestTargetID = 39BB006422CBA149003E76F6;
					};
				};
			};
			buildConfigurationList = 39BB006022CBA149003E76F6 /* Build configuration list for PBXProject "RedditPosts" */;
			compatibilityVersion = "Xcode 9.3";
			developmentRegion = en;
			hasScannedForEncodings = 0;
			knownRegions = (
				en,
				Base,
			);
			mainGroup = 39BB005C22CBA149003E76F6;
			productRefGroup = 39BB006622CBA149003E76F6 /* Products */;
			projectDirPath = "";
			projectRoot = "";
			targets = (
				39BB006422CBA149003E76F6 /* RedditPosts */,
				39BB007822CBA14A003E76F6 /* RedditPostsTests */,
				39BB008322CBA14A003E76F6 /* RedditPostsUITests */,
			);
		};
/* End PBXProject section */

/* Begin PBXResourcesBuildPhase section */
		39BB006322CBA149003E76F6 /* Resources */ = {
			isa = PBXResourcesBuildPhase;
			buildActionMask = 2147483647;
			files = (
				39BB007322CBA14A003E76F6 /* LaunchScreen.storyboard in Resources */,
				39BB007022CBA14A003E76F6 /* Assets.xcassets in Resources */,
			);
			runOnlyForDeploymentPostprocessing = 0;
		};
		39BB007722CBA14A003E76F6 /* Resources */ = {
			isa = PBXResourcesBuildPhase;
			buildActionMask = 2147483647;
			files = (
			);
			runOnlyForDeploymentPostprocessing = 0;
		};
		39BB008222CBA14A003E76F6 /* Resources */ = {
			isa = PBXResourcesBuildPhase;
			buildActionMask = 2147483647;
			files = (
			);
			runOnlyForDeploymentPostprocessing = 0;
		};
/* End PBXResourcesBuildPhase section */

/* Begin PBXShellScriptBuildPhase section */
		0FA7A12F7CFC93C17A817E3F /* [CP] Check Pods Manifest.lock */ = {
			isa = PBXShellScriptBuildPhase;
			buildActionMask = 2147483647;
			files = (
			);
			inputPaths = (
				"${PODS_PODFILE_DIR_PATH}/Podfile.lock",
				"${PODS_ROOT}/Manifest.lock",
			);
			name = "[CP] Check Pods Manifest.lock";
			outputPaths = (
				"$(DERIVED_FILE_DIR)/Pods-RedditPosts-checkManifestLockResult.txt",
			);
			runOnlyForDeploymentPostprocessing = 0;
			shellPath = /bin/sh;
			shellScript = "diff \"${PODS_PODFILE_DIR_PATH}/Podfile.lock\" \"${PODS_ROOT}/Manifest.lock\" > /dev/null\nif [ $? != 0 ] ; then\n    # print error to STDERR\n    echo \"error: The sandbox is not in sync with the Podfile.lock. Run 'pod install' or update your CocoaPods installation.\" >&2\n    exit 1\nfi\n# This output is used by Xcode 'outputs' to avoid re-running this script phase.\necho \"SUCCESS\" > \"${SCRIPT_OUTPUT_FILE_0}\"\n";
			showEnvVarsInLog = 0;
		};
		7252D3C35C8848CB5051A954 /* [CP] Embed Pods Frameworks */ = {
			isa = PBXShellScriptBuildPhase;
			buildActionMask = 2147483647;
			files = (
			);
			inputPaths = (
				"${SRCROOT}/Pods/Target Support Files/Pods-RedditPosts/Pods-RedditPosts-frameworks.sh",
				"${BUILT_PRODUCTS_DIR}/Alamofire/Alamofire.framework",
				"${BUILT_PRODUCTS_DIR}/Kingfisher/Kingfisher.framework",
				"${BUILT_PRODUCTS_DIR}/PKHUD/PKHUD.framework",
				"${BUILT_PRODUCTS_DIR}/RxSwift/RxSwift.framework",
			);
			name = "[CP] Embed Pods Frameworks";
			outputPaths = (
				"${TARGET_BUILD_DIR}/${FRAMEWORKS_FOLDER_PATH}/Alamofire.framework",
				"${TARGET_BUILD_DIR}/${FRAMEWORKS_FOLDER_PATH}/Kingfisher.framework",
				"${TARGET_BUILD_DIR}/${FRAMEWORKS_FOLDER_PATH}/PKHUD.framework",
				"${TARGET_BUILD_DIR}/${FRAMEWORKS_FOLDER_PATH}/RxSwift.framework",
			);
			runOnlyForDeploymentPostprocessing = 0;
			shellPath = /bin/sh;
			shellScript = "\"${SRCROOT}/Pods/Target Support Files/Pods-RedditPosts/Pods-RedditPosts-frameworks.sh\"\n";
			showEnvVarsInLog = 0;
		};
		7F1358FBE83E4274E6FAC2A3 /* [CP] Check Pods Manifest.lock */ = {
			isa = PBXShellScriptBuildPhase;
			buildActionMask = 2147483647;
			files = (
			);
			inputPaths = (
				"${PODS_PODFILE_DIR_PATH}/Podfile.lock",
				"${PODS_ROOT}/Manifest.lock",
			);
			name = "[CP] Check Pods Manifest.lock";
			outputPaths = (
				"$(DERIVED_FILE_DIR)/Pods-RedditPostsUITests-checkManifestLockResult.txt",
			);
			runOnlyForDeploymentPostprocessing = 0;
			shellPath = /bin/sh;
			shellScript = "diff \"${PODS_PODFILE_DIR_PATH}/Podfile.lock\" \"${PODS_ROOT}/Manifest.lock\" > /dev/null\nif [ $? != 0 ] ; then\n    # print error to STDERR\n    echo \"error: The sandbox is not in sync with the Podfile.lock. Run 'pod install' or update your CocoaPods installation.\" >&2\n    exit 1\nfi\n# This output is used by Xcode 'outputs' to avoid re-running this script phase.\necho \"SUCCESS\" > \"${SCRIPT_OUTPUT_FILE_0}\"\n";
			showEnvVarsInLog = 0;
		};
		8E772821ED4E59B4943DEC28 /* [CP] Check Pods Manifest.lock */ = {
			isa = PBXShellScriptBuildPhase;
			buildActionMask = 2147483647;
			files = (
			);
			inputPaths = (
				"${PODS_PODFILE_DIR_PATH}/Podfile.lock",
				"${PODS_ROOT}/Manifest.lock",
			);
			name = "[CP] Check Pods Manifest.lock";
			outputPaths = (
				"$(DERIVED_FILE_DIR)/Pods-RedditPostsTests-checkManifestLockResult.txt",
			);
			runOnlyForDeploymentPostprocessing = 0;
			shellPath = /bin/sh;
			shellScript = "diff \"${PODS_PODFILE_DIR_PATH}/Podfile.lock\" \"${PODS_ROOT}/Manifest.lock\" > /dev/null\nif [ $? != 0 ] ; then\n    # print error to STDERR\n    echo \"error: The sandbox is not in sync with the Podfile.lock. Run 'pod install' or update your CocoaPods installation.\" >&2\n    exit 1\nfi\n# This output is used by Xcode 'outputs' to avoid re-running this script phase.\necho \"SUCCESS\" > \"${SCRIPT_OUTPUT_FILE_0}\"\n";
			showEnvVarsInLog = 0;
		};
/* End PBXShellScriptBuildPhase section */

/* Begin PBXSourcesBuildPhase section */
		39BB006122CBA149003E76F6 /* Sources */ = {
			isa = PBXSourcesBuildPhase;
			buildActionMask = 2147483647;
			files = (
				39BB006B22CBA149003E76F6 /* PostsViewController.swift in Sources */,
				39BB00C322CCC110003E76F6 /* ReusableView.swift in Sources */,
				39BB00B122CCBD23003E76F6 /* IndicatableView.swift in Sources */,
				39BB00C122CCC0AF003E76F6 /* PostDetailsProtocol.swift in Sources */,
				39BB006922CBA149003E76F6 /* AppDelegate.swift in Sources */,
				39BB009F22CC754B003E76F6 /* RedditPostsProtocols.swift in Sources */,
				39BB00A122CC760E003E76F6 /* Posts.swift in Sources */,
				39BB00BD22CCBF5B003E76F6 /* PostDetailRouter.swift in Sources */,
				39BB00B922CCBEED003E76F6 /* PostDetailInteractor.swift in Sources */,
				39BB00A722CC7F5E003E76F6 /* PostsRouter.swift in Sources */,
				39BB00A522CC7A16003E76F6 /* PostsPresenter.swift in Sources */,
				39BB00BF22CCC001003E76F6 /* PostDetailsViewController.swift in Sources */,
				39BB00BB22CCBF31003E76F6 /* PostDetailPresenter.swift in Sources */,
				39BB00AE22CC8BF3003E76F6 /* EndPoints.swift in Sources */,
				39BB00A322CC77F5003E76F6 /* RedditPostsInteractor.swift in Sources */,
				39BB00A922CC8544003E76F6 /* PostsTableViewCell.swift in Sources */,
				39BB00AC22CC8B80003E76F6 /* APIServices.swift in Sources */,
			);
			runOnlyForDeploymentPostprocessing = 0;
		};
		39BB007522CBA14A003E76F6 /* Sources */ = {
			isa = PBXSourcesBuildPhase;
			buildActionMask = 2147483647;
			files = (
				39BB007E22CBA14A003E76F6 /* RedditPostsTests.swift in Sources */,
			);
			runOnlyForDeploymentPostprocessing = 0;
		};
		39BB008022CBA14A003E76F6 /* Sources */ = {
			isa = PBXSourcesBuildPhase;
			buildActionMask = 2147483647;
			files = (
				39BB008922CBA14A003E76F6 /* RedditPostsUITests.swift in Sources */,
			);
			runOnlyForDeploymentPostprocessing = 0;
		};
/* End PBXSourcesBuildPhase section */

/* Begin PBXTargetDependency section */
		39BB007B22CBA14A003E76F6 /* PBXTargetDependency */ = {
			isa = PBXTargetDependency;
			target = 39BB006422CBA149003E76F6 /* RedditPosts */;
			targetProxy = 39BB007A22CBA14A003E76F6 /* PBXContainerItemProxy */;
		};
		39BB008622CBA14A003E76F6 /* PBXTargetDependency */ = {
			isa = PBXTargetDependency;
			target = 39BB006422CBA149003E76F6 /* RedditPosts */;
			targetProxy = 39BB008522CBA14A003E76F6 /* PBXContainerItemProxy */;
		};
/* End PBXTargetDependency section */

/* Begin PBXVariantGroup section */
		39BB007122CBA14A003E76F6 /* LaunchScreen.storyboard */ = {
			isa = PBXVariantGroup;
			children = (
				39BB007222CBA14A003E76F6 /* Base */,
			);
			name = LaunchScreen.storyboard;
			sourceTree = "<group>";
		};
/* End PBXVariantGroup section */

/* Begin XCBuildConfiguration section */
		39BB008B22CBA14A003E76F6 /* Debug */ = {
			isa = XCBuildConfiguration;
			buildSettings = {
				ALWAYS_SEARCH_USER_PATHS = NO;
				CLANG_ANALYZER_NONNULL = YES;
				CLANG_ANALYZER_NUMBER_OBJECT_CONVERSION = YES_AGGRESSIVE;
				CLANG_CXX_LANGUAGE_STANDARD = "gnu++14";
				CLANG_CXX_LIBRARY = "libc++";
				CLANG_ENABLE_MODULES = YES;
				CLANG_ENABLE_OBJC_ARC = YES;
				CLANG_ENABLE_OBJC_WEAK = YES;
				CLANG_WARN_BLOCK_CAPTURE_AUTORELEASING = YES;
				CLANG_WARN_BOOL_CONVERSION = YES;
				CLANG_WARN_COMMA = YES;
				CLANG_WARN_CONSTANT_CONVERSION = YES;
				CLANG_WARN_DEPRECATED_OBJC_IMPLEMENTATIONS = YES;
				CLANG_WARN_DIRECT_OBJC_ISA_USAGE = YES_ERROR;
				CLANG_WARN_DOCUMENTATION_COMMENTS = YES;
				CLANG_WARN_EMPTY_BODY = YES;
				CLANG_WARN_ENUM_CONVERSION = YES;
				CLANG_WARN_INFINITE_RECURSION = YES;
				CLANG_WARN_INT_CONVERSION = YES;
				CLANG_WARN_NON_LITERAL_NULL_CONVERSION = YES;
				CLANG_WARN_OBJC_IMPLICIT_RETAIN_SELF = YES;
				CLANG_WARN_OBJC_LITERAL_CONVERSION = YES;
				CLANG_WARN_OBJC_ROOT_CLASS = YES_ERROR;
				CLANG_WARN_RANGE_LOOP_ANALYSIS = YES;
				CLANG_WARN_STRICT_PROTOTYPES = YES;
				CLANG_WARN_SUSPICIOUS_MOVE = YES;
				CLANG_WARN_UNGUARDED_AVAILABILITY = YES_AGGRESSIVE;
				CLANG_WARN_UNREACHABLE_CODE = YES;
				CLANG_WARN__DUPLICATE_METHOD_MATCH = YES;
				CODE_SIGN_IDENTITY = "iPhone Developer";
				COPY_PHASE_STRIP = NO;
				DEBUG_INFORMATION_FORMAT = dwarf;
				ENABLE_STRICT_OBJC_MSGSEND = YES;
				ENABLE_TESTABILITY = YES;
				GCC_C_LANGUAGE_STANDARD = gnu11;
				GCC_DYNAMIC_NO_PIC = NO;
				GCC_NO_COMMON_BLOCKS = YES;
				GCC_OPTIMIZATION_LEVEL = 0;
				GCC_PREPROCESSOR_DEFINITIONS = (
					"DEBUG=1",
					"$(inherited)",
				);
				GCC_WARN_64_TO_32_BIT_CONVERSION = YES;
				GCC_WARN_ABOUT_RETURN_TYPE = YES_ERROR;
				GCC_WARN_UNDECLARED_SELECTOR = YES;
				GCC_WARN_UNINITIALIZED_AUTOS = YES_AGGRESSIVE;
				GCC_WARN_UNUSED_FUNCTION = YES;
				GCC_WARN_UNUSED_VARIABLE = YES;
				IPHONEOS_DEPLOYMENT_TARGET = 12.2;
				MTL_ENABLE_DEBUG_INFO = INCLUDE_SOURCE;
				MTL_FAST_MATH = YES;
				ONLY_ACTIVE_ARCH = YES;
				SDKROOT = iphoneos;
				SWIFT_ACTIVE_COMPILATION_CONDITIONS = DEBUG;
				SWIFT_OPTIMIZATION_LEVEL = "-Onone";
			};
			name = Debug;
		};
		39BB008C22CBA14A003E76F6 /* Release */ = {
			isa = XCBuildConfiguration;
			buildSettings = {
				ALWAYS_SEARCH_USER_PATHS = NO;
				CLANG_ANALYZER_NONNULL = YES;
				CLANG_ANALYZER_NUMBER_OBJECT_CONVERSION = YES_AGGRESSIVE;
				CLANG_CXX_LANGUAGE_STANDARD = "gnu++14";
				CLANG_CXX_LIBRARY = "libc++";
				CLANG_ENABLE_MODULES = YES;
				CLANG_ENABLE_OBJC_ARC = YES;
				CLANG_ENABLE_OBJC_WEAK = YES;
				CLANG_WARN_BLOCK_CAPTURE_AUTORELEASING = YES;
				CLANG_WARN_BOOL_CONVERSION = YES;
				CLANG_WARN_COMMA = YES;
				CLANG_WARN_CONSTANT_CONVERSION = YES;
				CLANG_WARN_DEPRECATED_OBJC_IMPLEMENTATIONS = YES;
				CLANG_WARN_DIRECT_OBJC_ISA_USAGE = YES_ERROR;
				CLANG_WARN_DOCUMENTATION_COMMENTS = YES;
				CLANG_WARN_EMPTY_BODY = YES;
				CLANG_WARN_ENUM_CONVERSION = YES;
				CLANG_WARN_INFINITE_RECURSION = YES;
				CLANG_WARN_INT_CONVERSION = YES;
				CLANG_WARN_NON_LITERAL_NULL_CONVERSION = YES;
				CLANG_WARN_OBJC_IMPLICIT_RETAIN_SELF = YES;
				CLANG_WARN_OBJC_LITERAL_CONVERSION = YES;
				CLANG_WARN_OBJC_ROOT_CLASS = YES_ERROR;
				CLANG_WARN_RANGE_LOOP_ANALYSIS = YES;
				CLANG_WARN_STRICT_PROTOTYPES = YES;
				CLANG_WARN_SUSPICIOUS_MOVE = YES;
				CLANG_WARN_UNGUARDED_AVAILABILITY = YES_AGGRESSIVE;
				CLANG_WARN_UNREACHABLE_CODE = YES;
				CLANG_WARN__DUPLICATE_METHOD_MATCH = YES;
				CODE_SIGN_IDENTITY = "iPhone Developer";
				COPY_PHASE_STRIP = NO;
				DEBUG_INFORMATION_FORMAT = "dwarf-with-dsym";
				ENABLE_NS_ASSERTIONS = NO;
				ENABLE_STRICT_OBJC_MSGSEND = YES;
				GCC_C_LANGUAGE_STANDARD = gnu11;
				GCC_NO_COMMON_BLOCKS = YES;
				GCC_WARN_64_TO_32_BIT_CONVERSION = YES;
				GCC_WARN_ABOUT_RETURN_TYPE = YES_ERROR;
				GCC_WARN_UNDECLARED_SELECTOR = YES;
				GCC_WARN_UNINITIALIZED_AUTOS = YES_AGGRESSIVE;
				GCC_WARN_UNUSED_FUNCTION = YES;
				GCC_WARN_UNUSED_VARIABLE = YES;
				IPHONEOS_DEPLOYMENT_TARGET = 12.2;
				MTL_ENABLE_DEBUG_INFO = NO;
				MTL_FAST_MATH = YES;
				SDKROOT = iphoneos;
				SWIFT_COMPILATION_MODE = wholemodule;
				SWIFT_OPTIMIZATION_LEVEL = "-O";
				VALIDATE_PRODUCT = YES;
			};
			name = Release;
		};
		39BB008E22CBA14A003E76F6 /* Debug */ = {
			isa = XCBuildConfiguration;
			baseConfigurationReference = 5DA11BF8F1F5A9DAEF2BE9A0 /* Pods-RedditPosts.debug.xcconfig */;
			buildSettings = {
				ASSETCATALOG_COMPILER_APPICON_NAME = AppIcon;
				CODE_SIGN_STYLE = Automatic;
				DEVELOPMENT_TEAM = 8N4FVAGQ3S;
				INFOPLIST_FILE = RedditPosts/Info.plist;
				LD_RUNPATH_SEARCH_PATHS = (
					"$(inherited)",
					"@executable_path/Frameworks",
				);
				PRODUCT_BUNDLE_IDENTIFIER = com.matsyk.RedditPosts;
				PRODUCT_NAME = "$(TARGET_NAME)";
				SWIFT_VERSION = 5.0;
				TARGETED_DEVICE_FAMILY = "1,2";
			};
			name = Debug;
		};
		39BB008F22CBA14A003E76F6 /* Release */ = {
			isa = XCBuildConfiguration;
			baseConfigurationReference = 817567F897A2E4E047820489 /* Pods-RedditPosts.release.xcconfig */;
			buildSettings = {
				ASSETCATALOG_COMPILER_APPICON_NAME = AppIcon;
				CODE_SIGN_STYLE = Automatic;
				DEVELOPMENT_TEAM = 8N4FVAGQ3S;
				INFOPLIST_FILE = RedditPosts/Info.plist;
				LD_RUNPATH_SEARCH_PATHS = (
					"$(inherited)",
					"@executable_path/Frameworks",
				);
				PRODUCT_BUNDLE_IDENTIFIER = com.matsyk.RedditPosts;
				PRODUCT_NAME = "$(TARGET_NAME)";
				SWIFT_VERSION = 5.0;
				TARGETED_DEVICE_FAMILY = "1,2";
			};
			name = Release;
		};
		39BB009122CBA14A003E76F6 /* Debug */ = {
			isa = XCBuildConfiguration;
			baseConfigurationReference = 7BBB6E383F5FB3E61B56194B /* Pods-RedditPostsTests.debug.xcconfig */;
			buildSettings = {
				ALWAYS_EMBED_SWIFT_STANDARD_LIBRARIES = YES;
				BUNDLE_LOADER = "$(TEST_HOST)";
				CODE_SIGN_STYLE = Automatic;
				DEVELOPMENT_TEAM = 8N4FVAGQ3S;
				INFOPLIST_FILE = RedditPostsTests/Info.plist;
				LD_RUNPATH_SEARCH_PATHS = (
					"$(inherited)",
					"@executable_path/Frameworks",
					"@loader_path/Frameworks",
				);
				PRODUCT_BUNDLE_IDENTIFIER = com.matsyk.RedditPostsTests;
				PRODUCT_NAME = "$(TARGET_NAME)";
				SWIFT_VERSION = 5.0;
				TARGETED_DEVICE_FAMILY = "1,2";
				TEST_HOST = "$(BUILT_PRODUCTS_DIR)/RedditPosts.app/RedditPosts";
			};
			name = Debug;
		};
		39BB009222CBA14A003E76F6 /* Release */ = {
			isa = XCBuildConfiguration;
			baseConfigurationReference = 9F35EA6592A19A58021B0039 /* Pods-RedditPostsTests.release.xcconfig */;
			buildSettings = {
				ALWAYS_EMBED_SWIFT_STANDARD_LIBRARIES = YES;
				BUNDLE_LOADER = "$(TEST_HOST)";
				CODE_SIGN_STYLE = Automatic;
				DEVELOPMENT_TEAM = 8N4FVAGQ3S;
				INFOPLIST_FILE = RedditPostsTests/Info.plist;
				LD_RUNPATH_SEARCH_PATHS = (
					"$(inherited)",
					"@executable_path/Frameworks",
					"@loader_path/Frameworks",
				);
				PRODUCT_BUNDLE_IDENTIFIER = com.matsyk.RedditPostsTests;
				PRODUCT_NAME = "$(TARGET_NAME)";
				SWIFT_VERSION = 5.0;
				TARGETED_DEVICE_FAMILY = "1,2";
				TEST_HOST = "$(BUILT_PRODUCTS_DIR)/RedditPosts.app/RedditPosts";
			};
			name = Release;
		};
		39BB009422CBA14A003E76F6 /* Debug */ = {
			isa = XCBuildConfiguration;
			baseConfigurationReference = 0B971BF073EFFA300A2C16D6 /* Pods-RedditPostsUITests.debug.xcconfig */;
			buildSettings = {
				ALWAYS_EMBED_SWIFT_STANDARD_LIBRARIES = YES;
				CODE_SIGN_STYLE = Automatic;
				DEVELOPMENT_TEAM = 8N4FVAGQ3S;
				INFOPLIST_FILE = RedditPostsUITests/Info.plist;
				LD_RUNPATH_SEARCH_PATHS = (
					"$(inherited)",
					"@executable_path/Frameworks",
					"@loader_path/Frameworks",
				);
				PRODUCT_BUNDLE_IDENTIFIER = com.matsyk.RedditPostsUITests;
				PRODUCT_NAME = "$(TARGET_NAME)";
				SWIFT_VERSION = 5.0;
				TARGETED_DEVICE_FAMILY = "1,2";
				TEST_TARGET_NAME = RedditPosts;
			};
			name = Debug;
		};
		39BB009522CBA14A003E76F6 /* Release */ = {
			isa = XCBuildConfiguration;
			baseConfigurationReference = B263F2143C1193DD412A6DC7 /* Pods-RedditPostsUITests.release.xcconfig */;
			buildSettings = {
				ALWAYS_EMBED_SWIFT_STANDARD_LIBRARIES = YES;
				CODE_SIGN_STYLE = Automatic;
				DEVELOPMENT_TEAM = 8N4FVAGQ3S;
				INFOPLIST_FILE = RedditPostsUITests/Info.plist;
				LD_RUNPATH_SEARCH_PATHS = (
					"$(inherited)",
					"@executable_path/Frameworks",
					"@loader_path/Frameworks",
				);
				PRODUCT_BUNDLE_IDENTIFIER = com.matsyk.RedditPostsUITests;
				PRODUCT_NAME = "$(TARGET_NAME)";
				SWIFT_VERSION = 5.0;
				TARGETED_DEVICE_FAMILY = "1,2";
				TEST_TARGET_NAME = RedditPosts;
			};
			name = Release;
		};
/* End XCBuildConfiguration section */

/* Begin XCConfigurationList section */
		39BB006022CBA149003E76F6 /* Build configuration list for PBXProject "RedditPosts" */ = {
			isa = XCConfigurationList;
			buildConfigurations = (
				39BB008B22CBA14A003E76F6 /* Debug */,
				39BB008C22CBA14A003E76F6 /* Release */,
			);
			defaultConfigurationIsVisible = 0;
			defaultConfigurationName = Release;
		};
		39BB008D22CBA14A003E76F6 /* Build configuration list for PBXNativeTarget "RedditPosts" */ = {
			isa = XCConfigurationList;
			buildConfigurations = (
				39BB008E22CBA14A003E76F6 /* Debug */,
				39BB008F22CBA14A003E76F6 /* Release */,
			);
			defaultConfigurationIsVisible = 0;
			defaultConfigurationName = Release;
		};
		39BB009022CBA14A003E76F6 /* Build configuration list for PBXNativeTarget "RedditPostsTests" */ = {
			isa = XCConfigurationList;
			buildConfigurations = (
				39BB009122CBA14A003E76F6 /* Debug */,
				39BB009222CBA14A003E76F6 /* Release */,
			);
			defaultConfigurationIsVisible = 0;
			defaultConfigurationName = Release;
		};
		39BB009322CBA14A003E76F6 /* Build configuration list for PBXNativeTarget "RedditPostsUITests" */ = {
			isa = XCConfigurationList;
			buildConfigurations = (
				39BB009422CBA14A003E76F6 /* Debug */,
				39BB009522CBA14A003E76F6 /* Release */,
			);
			defaultConfigurationIsVisible = 0;
			defaultConfigurationName = Release;
		};
/* End XCConfigurationList section */
	};
	rootObject = 39BB005D22CBA149003E76F6 /* Project object */;
}
